
Microsoft Visual Studio Solution File, Format Version 12.00
# Visual Studio Version 17
VisualStudioVersion = 17.5.33627.172
MinimumVisualStudioVersion = 10.0.40219.1
Project("{FAE04EC0-301F-11D3-BF4B-00C04F79EFBC}") = "ConsoleApp1", "ConsoleApp1\ConsoleApp1.csproj", "{B66665CD-6311-4A0D-801C-C1FE6E109030}"
EndProject
Global
	GlobalSection(SolutionConfigurationPlatforms) = preSolution
		Debug|Any CPU = Debug|Any CPU
		Release|Any CPU = Release|Any CPU
	EndGlobalSection
	GlobalSection(ProjectConfigurationPlatforms) = postSolution
		{B66665CD-6311-4A0D-801C-C1FE6E109030}.Debug|Any CPU.ActiveCfg = Debug|Any CPU
		{B66665CD-6311-4A0D-801C-C1FE6E109030}.Debug|Any CPU.Build.0 = Debug|Any CPU
		{B66665CD-6311-4A0D-801C-C1FE6E109030}.Release|Any CPU.ActiveCfg = Release|Any CPU
		{B66665CD-6311-4A0D-801C-C1FE6E109030}.Release|Any CPU.Build.0 = Release|Any CPU
	EndGlobalSection
	GlobalSection(SolutionProperties) = preSolution
		HideSolutionNode = FALSE
	EndGlobalSection
	GlobalSection(ExtensibilityGlobals) = postSolution
		SolutionGuid = {22768D97-F906-4208-8133-22AEB047BFE2}
	EndGlobalSection
EndGlobal
